
Microsoft Visual Studio Solution File, Format Version 12.00
# Visual Studio Version 17
VisualStudioVersion = 17.13.35913.81 d17.13
MinimumVisualStudioVersion = 10.0.40219.1
Project("{FAE04EC0-301F-11D3-BF4B-00C04F79EFBC}") = "TechCommerce API", "TechCommerce API\TechCommerce API.csproj", "{66825CEE-868A-4152-BB25-77CDB19B821C}"
EndProject
Project("{FAE04EC0-301F-11D3-BF4B-00C04F79EFBC}") = "Application", "Application\Application.csproj", "{AA6E4176-1AB5-4BB1-B602-743D56D51EB8}"
EndProject
Project("{FAE04EC0-301F-11D3-BF4B-00C04F79EFBC}") = "Domain", "Domain\Domain.csproj", "{632D05FB-BDED-4E8E-A402-3E3AD2BB886A}"
EndProject
Project("{FAE04EC0-301F-11D3-BF4B-00C04F79EFBC}") = "Infrastructure", "Infrastructure\Infrastructure.csproj", "{15CD57FE-4011-4CD4-A32B-A317202F9A23}"
EndProject
Global
	GlobalSection(SolutionConfigurationPlatforms) = preSolution
		Debug|Any CPU = Debug|Any CPU
		Release|Any CPU = Release|Any CPU
	EndGlobalSection
	GlobalSection(ProjectConfigurationPlatforms) = postSolution
		{66825CEE-868A-4152-BB25-77CDB19B821C}.Debug|Any CPU.ActiveCfg = Debug|Any CPU
		{66825CEE-868A-4152-BB25-77CDB19B821C}.Debug|Any CPU.Build.0 = Debug|Any CPU
		{66825CEE-868A-4152-BB25-77CDB19B821C}.Release|Any CPU.ActiveCfg = Release|Any CPU
		{66825CEE-868A-4152-BB25-77CDB19B821C}.Release|Any CPU.Build.0 = Release|Any CPU
		{AA6E4176-1AB5-4BB1-B602-743D56D51EB8}.Debug|Any CPU.ActiveCfg = Debug|Any CPU
		{AA6E4176-1AB5-4BB1-B602-743D56D51EB8}.Debug|Any CPU.Build.0 = Debug|Any CPU
		{AA6E4176-1AB5-4BB1-B602-743D56D51EB8}.Release|Any CPU.ActiveCfg = Release|Any CPU
		{AA6E4176-1AB5-4BB1-B602-743D56D51EB8}.Release|Any CPU.Build.0 = Release|Any CPU
		{632D05FB-BDED-4E8E-A402-3E3AD2BB886A}.Debug|Any CPU.ActiveCfg = Debug|Any CPU
		{632D05FB-BDED-4E8E-A402-3E3AD2BB886A}.Debug|Any CPU.Build.0 = Debug|Any CPU
		{632D05FB-BDED-4E8E-A402-3E3AD2BB886A}.Release|Any CPU.ActiveCfg = Release|Any CPU
		{632D05FB-BDED-4E8E-A402-3E3AD2BB886A}.Release|Any CPU.Build.0 = Release|Any CPU
		{15CD57FE-4011-4CD4-A32B-A317202F9A23}.Debug|Any CPU.ActiveCfg = Debug|Any CPU
		{15CD57FE-4011-4CD4-A32B-A317202F9A23}.Debug|Any CPU.Build.0 = Debug|Any CPU
		{15CD57FE-4011-4CD4-A32B-A317202F9A23}.Release|Any CPU.ActiveCfg = Release|Any CPU
		{15CD57FE-4011-4CD4-A32B-A317202F9A23}.Release|Any CPU.Build.0 = Release|Any CPU
	EndGlobalSection
	GlobalSection(SolutionProperties) = preSolution
		HideSolutionNode = FALSE
	EndGlobalSection
	GlobalSection(ExtensibilityGlobals) = postSolution
		SolutionGuid = {0A9BB71E-5A06-468E-8A20-496037A20788}
	EndGlobalSection
EndGlobal
